
Microsoft Visual Studio Solution File, Format Version 12.00
# Visual Studio Version 17
VisualStudioVersion = 17.3.32819.101
MinimumVisualStudioVersion = 10.0.40219.1
Project("{2150E333-8FDC-42A3-9474-1A3956D46DE8}") = "Services", "Services", "{94681598-2E40-4102-AD8B-06DF79DBCA69}"
EndProject
Project("{2150E333-8FDC-42A3-9474-1A3956D46DE8}") = "IdentityServer", "IdentityServer", "{56484065-B8F6-4444-A72A-CFE0B5CE902B}"
EndProject
Project("{2150E333-8FDC-42A3-9474-1A3956D46DE8}") = "Photo", "Photo", "{AE011FBF-E5CD-4495-9D05-A47411165527}"
EndProject
Project("{2150E333-8FDC-42A3-9474-1A3956D46DE8}") = "Basket", "Basket", "{CD36B1DB-A060-47D0-ABFA-6E301900A37F}"
EndProject
Project("{2150E333-8FDC-42A3-9474-1A3956D46DE8}") = "Discount", "Discount", "{0AC459C8-7FB2-45E8-A81F-1CBDD01028FE}"
EndProject
Project("{2150E333-8FDC-42A3-9474-1A3956D46DE8}") = "Order", "Order", "{C05046A8-451F-476B-A477-1FE255DFD330}"
EndProject
Project("{2150E333-8FDC-42A3-9474-1A3956D46DE8}") = "Common", "Common", "{216F54A7-909D-4DA8-B913-7696965A095B}"
EndProject
Project("{9A19103F-16F7-4668-BE54-9A1E7A4F7556}") = "CarRental.Common", "Common\CarRental.Common\CarRental.Common.csproj", "{1C8BDEA3-3A4D-406C-9A04-622BD2FDA2AB}"
EndProject
Project("{9A19103F-16F7-4668-BE54-9A1E7A4F7556}") = "CarRental.Services.Basket", "Services\Basket\CarRental.Services.Basket\CarRental.Services.Basket.csproj", "{7A69A260-7D1D-4E96-BA5C-9B0EF3776668}"
EndProject
Project("{9A19103F-16F7-4668-BE54-9A1E7A4F7556}") = "CarRental.Services.Discount", "Services\Discount\CarRental\CarRental.Services.Discount.csproj", "{87832916-7CEE-4291-9B04-B4C6434CF76C}"
EndProject
Project("{9A19103F-16F7-4668-BE54-9A1E7A4F7556}") = "CarRental.Services.Order", "Services\Order\CarRental.Services.Order.API\CarRental.Services.Order.csproj", "{54BD88FC-8438-46E6-9AB7-C3B4E61BF8C4}"
EndProject
Project("{9A19103F-16F7-4668-BE54-9A1E7A4F7556}") = "CarRental.Services.Order.Application", "Services\Order\CarRental.Services.Order.Application\CarRental.Services.Order.Application.csproj", "{0C5CC849-53A3-4377-91F8-9B84131F2785}"
EndProject
Project("{9A19103F-16F7-4668-BE54-9A1E7A4F7556}") = "CarRental.Services.Order.Domain.Core", "Services\Order\CarRental.Services.Order.Domain.Core\CarRental.Services.Order.Domain.Core.csproj", "{7015F875-1AEF-4F02-B1EB-EE8750DFBED1}"
EndProject
Project("{9A19103F-16F7-4668-BE54-9A1E7A4F7556}") = "CarRental.Services.Order.Infrastructure", "Services\Order\CarRental.Services.Order.Infrastructure\CarRental.Services.Order.Infrastructure.csproj", "{34CCAA6E-CEC0-4C86-A6F4-9722FD142F06}"
EndProject
Project("{2150E333-8FDC-42A3-9474-1A3956D46DE8}") = "Catalog", "Catalog", "{ED9ACF6B-A0DD-46A3-93D2-AB25862822B5}"
EndProject
Project("{9A19103F-16F7-4668-BE54-9A1E7A4F7556}") = "CarRental.Services.Catalog", "Services\Catalog\CarRental.Services.Catalog\CarRental.Services.Catalog.csproj", "{90C93D70-1387-4429-8EA7-71B181D9AE21}"
EndProject
Project("{9A19103F-16F7-4668-BE54-9A1E7A4F7556}") = "CarRental.IdentityServer", "IdentityServer\CarRental.IdentityServer\CarRental.IdentityServer.csproj", "{EEFF4AA5-937A-4F33-8340-F8BDC4369C10}"
EndProject
Project("{9A19103F-16F7-4668-BE54-9A1E7A4F7556}") = "CarRental.Services.Order.Domain", "Services\Order\CarRental.Services.Order.Domain\CarRental.Services.Order.Domain.csproj", "{225AFC58-FB2D-42F0-8599-73A750FB7635}"
EndProject
Project("{2150E333-8FDC-42A3-9474-1A3956D46DE8}") = "Payment", "Payment", "{A340D6DE-A1BA-412A-8073-C67A0007AF52}"
EndProject
Project("{9A19103F-16F7-4668-BE54-9A1E7A4F7556}") = "CarRental.Services.Payment", "Services\Payment\CarRental.Services.Payment\CarRental.Services.Payment.csproj", "{F9362B99-34D9-4CF7-B352-96C4F61FC06B}"
EndProject
Project("{2150E333-8FDC-42A3-9474-1A3956D46DE8}") = "Gateways", "Gateways", "{317DBF1E-21BB-4134-B4B4-27CC09FD7350}"
EndProject
Project("{9A19103F-16F7-4668-BE54-9A1E7A4F7556}") = "CarRental.Gateway", "CarRental.Gateway\CarRental.Gateway.csproj", "{CDB8557A-457E-4A9E-8A3C-9F3CCB9DF65D}"
EndProject
Project("{2150E333-8FDC-42A3-9474-1A3956D46DE8}") = "Front-end", "Front-end", "{205A3831-9796-4029-94D9-688D5E46E41B}"
EndProject
Project("{9A19103F-16F7-4668-BE54-9A1E7A4F7556}") = "UserInterface", "Front-end\UserInterface\UserInterface.csproj", "{350D9CF8-E274-4AB1-8E00-B3E93CE44BDA}"
EndProject
Project("{9A19103F-16F7-4668-BE54-9A1E7A4F7556}") = "CarRental.Services.Photo", "Services\Photo\CarRental.Services.Photo\CarRental.Services.Photo.csproj", "{6531B67B-4935-46EE-B299-2AD632E6AED9}"
EndProject
Global
	GlobalSection(SolutionConfigurationPlatforms) = preSolution
		Debug|Any CPU = Debug|Any CPU
		Release|Any CPU = Release|Any CPU
	EndGlobalSection
	GlobalSection(ProjectConfigurationPlatforms) = postSolution
		{1C8BDEA3-3A4D-406C-9A04-622BD2FDA2AB}.Debug|Any CPU.ActiveCfg = Debug|Any CPU
		{1C8BDEA3-3A4D-406C-9A04-622BD2FDA2AB}.Debug|Any CPU.Build.0 = Debug|Any CPU
		{1C8BDEA3-3A4D-406C-9A04-622BD2FDA2AB}.Release|Any CPU.ActiveCfg = Release|Any CPU
		{1C8BDEA3-3A4D-406C-9A04-622BD2FDA2AB}.Release|Any CPU.Build.0 = Release|Any CPU
		{7A69A260-7D1D-4E96-BA5C-9B0EF3776668}.Debug|Any CPU.ActiveCfg = Debug|Any CPU
		{7A69A260-7D1D-4E96-BA5C-9B0EF3776668}.Debug|Any CPU.Build.0 = Debug|Any CPU
		{7A69A260-7D1D-4E96-BA5C-9B0EF3776668}.Release|Any CPU.ActiveCfg = Release|Any CPU
		{7A69A260-7D1D-4E96-BA5C-9B0EF3776668}.Release|Any CPU.Build.0 = Release|Any CPU
		{87832916-7CEE-4291-9B04-B4C6434CF76C}.Debug|Any CPU.ActiveCfg = Debug|Any CPU
		{87832916-7CEE-4291-9B04-B4C6434CF76C}.Debug|Any CPU.Build.0 = Debug|Any CPU
		{87832916-7CEE-4291-9B04-B4C6434CF76C}.Release|Any CPU.ActiveCfg = Release|Any CPU
		{87832916-7CEE-4291-9B04-B4C6434CF76C}.Release|Any CPU.Build.0 = Release|Any CPU
		{54BD88FC-8438-46E6-9AB7-C3B4E61BF8C4}.Debug|Any CPU.ActiveCfg = Debug|Any CPU
		{54BD88FC-8438-46E6-9AB7-C3B4E61BF8C4}.Debug|Any CPU.Build.0 = Debug|Any CPU
		{54BD88FC-8438-46E6-9AB7-C3B4E61BF8C4}.Release|Any CPU.ActiveCfg = Release|Any CPU
		{54BD88FC-8438-46E6-9AB7-C3B4E61BF8C4}.Release|Any CPU.Build.0 = Release|Any CPU
		{0C5CC849-53A3-4377-91F8-9B84131F2785}.Debug|Any CPU.ActiveCfg = Debug|Any CPU
		{0C5CC849-53A3-4377-91F8-9B84131F2785}.Debug|Any CPU.Build.0 = Debug|Any CPU
		{0C5CC849-53A3-4377-91F8-9B84131F2785}.Release|Any CPU.ActiveCfg = Release|Any CPU
		{0C5CC849-53A3-4377-91F8-9B84131F2785}.Release|Any CPU.Build.0 = Release|Any CPU
		{7015F875-1AEF-4F02-B1EB-EE8750DFBED1}.Debug|Any CPU.ActiveCfg = Debug|Any CPU
		{7015F875-1AEF-4F02-B1EB-EE8750DFBED1}.Debug|Any CPU.Build.0 = Debug|Any CPU
		{7015F875-1AEF-4F02-B1EB-EE8750DFBED1}.Release|Any CPU.ActiveCfg = Release|Any CPU
		{7015F875-1AEF-4F02-B1EB-EE8750DFBED1}.Release|Any CPU.Build.0 = Release|Any CPU
		{34CCAA6E-CEC0-4C86-A6F4-9722FD142F06}.Debug|Any CPU.ActiveCfg = Debug|Any CPU
		{34CCAA6E-CEC0-4C86-A6F4-9722FD142F06}.Debug|Any CPU.Build.0 = Debug|Any CPU
		{34CCAA6E-CEC0-4C86-A6F4-9722FD142F06}.Release|Any CPU.ActiveCfg = Release|Any CPU
		{34CCAA6E-CEC0-4C86-A6F4-9722FD142F06}.Release|Any CPU.Build.0 = Release|Any CPU
		{90C93D70-1387-4429-8EA7-71B181D9AE21}.Debug|Any CPU.ActiveCfg = Debug|Any CPU
		{90C93D70-1387-4429-8EA7-71B181D9AE21}.Debug|Any CPU.Build.0 = Debug|Any CPU
		{90C93D70-1387-4429-8EA7-71B181D9AE21}.Release|Any CPU.ActiveCfg = Release|Any CPU
		{90C93D70-1387-4429-8EA7-71B181D9AE21}.Release|Any CPU.Build.0 = Release|Any CPU
		{EEFF4AA5-937A-4F33-8340-F8BDC4369C10}.Debug|Any CPU.ActiveCfg = Debug|Any CPU
		{EEFF4AA5-937A-4F33-8340-F8BDC4369C10}.Debug|Any CPU.Build.0 = Debug|Any CPU
		{EEFF4AA5-937A-4F33-8340-F8BDC4369C10}.Release|Any CPU.ActiveCfg = Release|Any CPU
		{EEFF4AA5-937A-4F33-8340-F8BDC4369C10}.Release|Any CPU.Build.0 = Release|Any CPU
		{225AFC58-FB2D-42F0-8599-73A750FB7635}.Debug|Any CPU.ActiveCfg = Debug|Any CPU
		{225AFC58-FB2D-42F0-8599-73A750FB7635}.Debug|Any CPU.Build.0 = Debug|Any CPU
		{225AFC58-FB2D-42F0-8599-73A750FB7635}.Release|Any CPU.ActiveCfg = Release|Any CPU
		{225AFC58-FB2D-42F0-8599-73A750FB7635}.Release|Any CPU.Build.0 = Release|Any CPU
		{F9362B99-34D9-4CF7-B352-96C4F61FC06B}.Debug|Any CPU.ActiveCfg = Debug|Any CPU
		{F9362B99-34D9-4CF7-B352-96C4F61FC06B}.Debug|Any CPU.Build.0 = Debug|Any CPU
		{F9362B99-34D9-4CF7-B352-96C4F61FC06B}.Release|Any CPU.ActiveCfg = Release|Any CPU
		{F9362B99-34D9-4CF7-B352-96C4F61FC06B}.Release|Any CPU.Build.0 = Release|Any CPU
		{CDB8557A-457E-4A9E-8A3C-9F3CCB9DF65D}.Debug|Any CPU.ActiveCfg = Debug|Any CPU
		{CDB8557A-457E-4A9E-8A3C-9F3CCB9DF65D}.Debug|Any CPU.Build.0 = Debug|Any CPU
		{CDB8557A-457E-4A9E-8A3C-9F3CCB9DF65D}.Release|Any CPU.ActiveCfg = Release|Any CPU
		{CDB8557A-457E-4A9E-8A3C-9F3CCB9DF65D}.Release|Any CPU.Build.0 = Release|Any CPU
		{350D9CF8-E274-4AB1-8E00-B3E93CE44BDA}.Debug|Any CPU.ActiveCfg = Debug|Any CPU
		{350D9CF8-E274-4AB1-8E00-B3E93CE44BDA}.Debug|Any CPU.Build.0 = Debug|Any CPU
		{350D9CF8-E274-4AB1-8E00-B3E93CE44BDA}.Release|Any CPU.ActiveCfg = Release|Any CPU
		{350D9CF8-E274-4AB1-8E00-B3E93CE44BDA}.Release|Any CPU.Build.0 = Release|Any CPU
		{6531B67B-4935-46EE-B299-2AD632E6AED9}.Debug|Any CPU.ActiveCfg = Debug|Any CPU
		{6531B67B-4935-46EE-B299-2AD632E6AED9}.Debug|Any CPU.Build.0 = Debug|Any CPU
		{6531B67B-4935-46EE-B299-2AD632E6AED9}.Release|Any CPU.ActiveCfg = Release|Any CPU
		{6531B67B-4935-46EE-B299-2AD632E6AED9}.Release|Any CPU.Build.0 = Release|Any CPU
	EndGlobalSection
	GlobalSection(SolutionProperties) = preSolution
		HideSolutionNode = FALSE
	EndGlobalSection
	GlobalSection(NestedProjects) = preSolution
		{AE011FBF-E5CD-4495-9D05-A47411165527} = {94681598-2E40-4102-AD8B-06DF79DBCA69}
		{CD36B1DB-A060-47D0-ABFA-6E301900A37F} = {94681598-2E40-4102-AD8B-06DF79DBCA69}
		{0AC459C8-7FB2-45E8-A81F-1CBDD01028FE} = {94681598-2E40-4102-AD8B-06DF79DBCA69}
		{C05046A8-451F-476B-A477-1FE255DFD330} = {94681598-2E40-4102-AD8B-06DF79DBCA69}
		{1C8BDEA3-3A4D-406C-9A04-622BD2FDA2AB} = {216F54A7-909D-4DA8-B913-7696965A095B}
		{7A69A260-7D1D-4E96-BA5C-9B0EF3776668} = {CD36B1DB-A060-47D0-ABFA-6E301900A37F}
		{87832916-7CEE-4291-9B04-B4C6434CF76C} = {0AC459C8-7FB2-45E8-A81F-1CBDD01028FE}
		{54BD88FC-8438-46E6-9AB7-C3B4E61BF8C4} = {C05046A8-451F-476B-A477-1FE255DFD330}
		{0C5CC849-53A3-4377-91F8-9B84131F2785} = {C05046A8-451F-476B-A477-1FE255DFD330}
		{7015F875-1AEF-4F02-B1EB-EE8750DFBED1} = {C05046A8-451F-476B-A477-1FE255DFD330}
		{34CCAA6E-CEC0-4C86-A6F4-9722FD142F06} = {C05046A8-451F-476B-A477-1FE255DFD330}
		{ED9ACF6B-A0DD-46A3-93D2-AB25862822B5} = {94681598-2E40-4102-AD8B-06DF79DBCA69}
		{90C93D70-1387-4429-8EA7-71B181D9AE21} = {ED9ACF6B-A0DD-46A3-93D2-AB25862822B5}
		{EEFF4AA5-937A-4F33-8340-F8BDC4369C10} = {56484065-B8F6-4444-A72A-CFE0B5CE902B}
		{225AFC58-FB2D-42F0-8599-73A750FB7635} = {C05046A8-451F-476B-A477-1FE255DFD330}
		{A340D6DE-A1BA-412A-8073-C67A0007AF52} = {94681598-2E40-4102-AD8B-06DF79DBCA69}
		{F9362B99-34D9-4CF7-B352-96C4F61FC06B} = {A340D6DE-A1BA-412A-8073-C67A0007AF52}
		{CDB8557A-457E-4A9E-8A3C-9F3CCB9DF65D} = {317DBF1E-21BB-4134-B4B4-27CC09FD7350}
		{350D9CF8-E274-4AB1-8E00-B3E93CE44BDA} = {205A3831-9796-4029-94D9-688D5E46E41B}
		{6531B67B-4935-46EE-B299-2AD632E6AED9} = {AE011FBF-E5CD-4495-9D05-A47411165527}
	EndGlobalSection
	GlobalSection(ExtensibilityGlobals) = postSolution
		SolutionGuid = {238610A1-8ECC-4FF2-9CD2-91BA169D3B27}
	EndGlobalSection
EndGlobal
